
Microsoft Visual Studio Solution File, Format Version 12.00
# Visual Studio Version 17
VisualStudioVersion = 17.10.35013.160
MinimumVisualStudioVersion = 10.0.40219.1
Project("{FAE04EC0-301F-11D3-BF4B-00C04F79EFBC}") = "ChallengeMiaplaza", "ChallengeMiaplaza\ChallengeMiaplaza.csproj", "{0A294EA8-DC45-402E-885B-7F769E56CE5E}"
EndProject
Global
	GlobalSection(SolutionConfigurationPlatforms) = preSolution
		Debug|Any CPU = Debug|Any CPU
		Release|Any CPU = Release|Any CPU
	EndGlobalSection
	GlobalSection(ProjectConfigurationPlatforms) = postSolution
		{0A294EA8-DC45-402E-885B-7F769E56CE5E}.Debug|Any CPU.ActiveCfg = Debug|Any CPU
		{0A294EA8-DC45-402E-885B-7F769E56CE5E}.Debug|Any CPU.Build.0 = Debug|Any CPU
		{0A294EA8-DC45-402E-885B-7F769E56CE5E}.Release|Any CPU.ActiveCfg = Release|Any CPU
		{0A294EA8-DC45-402E-885B-7F769E56CE5E}.Release|Any CPU.Build.0 = Release|Any CPU
	EndGlobalSection
	GlobalSection(SolutionProperties) = preSolution
		HideSolutionNode = FALSE
	EndGlobalSection
	GlobalSection(ExtensibilityGlobals) = postSolution
		SolutionGuid = {33BF43F5-F383-43AC-9B23-05101181E262}
	EndGlobalSection
EndGlobal
